// !$*UTF8*$!
{
	archiveVersion = 1;
	classes = {
	};
	objectVersion = 55;
	objects = {

/* Begin PBXBuildFile section */
		3FD15CB0298437EF00A63B4C /* AppDelegate.swift in Sources */ = {isa = PBXBuildFile; fileRef = 3FD15CAF298437EF00A63B4C /* AppDelegate.swift */; };
		3FD15CB2298437EF00A63B4C /* SceneDelegate.swift in Sources */ = {isa = PBXBuildFile; fileRef = 3FD15CB1298437EF00A63B4C /* SceneDelegate.swift */; };
		3FD15CB9298437F100A63B4C /* Assets.xcassets in Resources */ = {isa = PBXBuildFile; fileRef = 3FD15CB8298437F100A63B4C /* Assets.xcassets */; };
		3FD15CBC298437F100A63B4C /* LaunchScreen.storyboard in Resources */ = {isa = PBXBuildFile; fileRef = 3FD15CBA298437F100A63B4C /* LaunchScreen.storyboard */; };
		3FD15CC7298437F100A63B4C /* TVMazeAPITests.swift in Sources */ = {isa = PBXBuildFile; fileRef = 3FD15CC6298437F100A63B4C /* TVMazeAPITests.swift */; };
		3FD15CD1298437F100A63B4C /* TVMazeAPIUITests.swift in Sources */ = {isa = PBXBuildFile; fileRef = 3FD15CD0298437F100A63B4C /* TVMazeAPIUITests.swift */; };
		3FD15CD3298437F100A63B4C /* TVMazeAPIUITestsLaunchTests.swift in Sources */ = {isa = PBXBuildFile; fileRef = 3FD15CD2298437F100A63B4C /* TVMazeAPIUITestsLaunchTests.swift */; };
		3FD15CE729843A7500A63B4C /* API.swift in Sources */ = {isa = PBXBuildFile; fileRef = 3FD15CE629843A7500A63B4C /* API.swift */; };
		3FD15CE929843AE500A63B4C /* EndpointExposable.swift in Sources */ = {isa = PBXBuildFile; fileRef = 3FD15CE829843AE500A63B4C /* EndpointExposable.swift */; };
		3FD15CEB29843B0700A63B4C /* HTTPMethod.swift in Sources */ = {isa = PBXBuildFile; fileRef = 3FD15CEA29843B0700A63B4C /* HTTPMethod.swift */; };
		3FD15CED29845EBF00A63B4C /* SeriesModel.swift in Sources */ = {isa = PBXBuildFile; fileRef = 3FD15CEC29845EBF00A63B4C /* SeriesModel.swift */; };
		3FD15CF029845F8300A63B4C /* SeriesListViewController.swift in Sources */ = {isa = PBXBuildFile; fileRef = 3FD15CEF29845F8300A63B4C /* SeriesListViewController.swift */; };
		3FD15CF829845FA400A63B4C /* SeriesEndpoint.swift in Sources */ = {isa = PBXBuildFile; fileRef = 3FD15CF729845FA400A63B4C /* SeriesEndpoint.swift */; };
		3FD15CFA2984695400A63B4C /* EpisodeModel.swift in Sources */ = {isa = PBXBuildFile; fileRef = 3FD15CF92984695400A63B4C /* EpisodeModel.swift */; };
		3FD15CFC2984696700A63B4C /* ImageModel.swift in Sources */ = {isa = PBXBuildFile; fileRef = 3FD15CFB2984696700A63B4C /* ImageModel.swift */; };
		3FD15CFE2984699800A63B4C /* ViewCodable.swift in Sources */ = {isa = PBXBuildFile; fileRef = 3FD15CFD2984699800A63B4C /* ViewCodable.swift */; };
		3FD15D0329846ADC00A63B4C /* EpisodeDetailsViewController.swift in Sources */ = {isa = PBXBuildFile; fileRef = 3FD15D0229846ADC00A63B4C /* EpisodeDetailsViewController.swift */; };
		3FD15D0529846AE800A63B4C /* EpisodeDetailsPresenter.swift in Sources */ = {isa = PBXBuildFile; fileRef = 3FD15D0429846AE800A63B4C /* EpisodeDetailsPresenter.swift */; };
		3FD15D0729846AF200A63B4C /* EpisodeDetailsInteractor.swift in Sources */ = {isa = PBXBuildFile; fileRef = 3FD15D0629846AF200A63B4C /* EpisodeDetailsInteractor.swift */; };
		3FD15D0929846B0000A63B4C /* EpisodeDetailsWireframe.swift in Sources */ = {isa = PBXBuildFile; fileRef = 3FD15D0829846B0000A63B4C /* EpisodeDetailsWireframe.swift */; };
		3FD15D0B29846B1400A63B4C /* SeriesSearchViewController.swift in Sources */ = {isa = PBXBuildFile; fileRef = 3FD15D0A29846B1400A63B4C /* SeriesSearchViewController.swift */; };
		3FD15D1329846B5D00A63B4C /* SeriesDetailsViewController.swift in Sources */ = {isa = PBXBuildFile; fileRef = 3FD15D1229846B5D00A63B4C /* SeriesDetailsViewController.swift */; };
		3FD15D1929846B7C00A63B4C /* SeriesDetailsService.swift in Sources */ = {isa = PBXBuildFile; fileRef = 3FD15D1829846B7C00A63B4C /* SeriesDetailsService.swift */; };
		3FD15D1B29846B8600A63B4C /* SeriesDetailsCoordinator.swift in Sources */ = {isa = PBXBuildFile; fileRef = 3FD15D1A29846B8600A63B4C /* SeriesDetailsCoordinator.swift */; };
		3FD15D1F29846BA000A63B4C /* SeriesListFactory.swift in Sources */ = {isa = PBXBuildFile; fileRef = 3FD15D1E29846BA000A63B4C /* SeriesListFactory.swift */; };
		3FD15D2129846BBD00A63B4C /* SeriesDetailsFactory.swift in Sources */ = {isa = PBXBuildFile; fileRef = 3FD15D2029846BBD00A63B4C /* SeriesDetailsFactory.swift */; };
		3FD15D2329846BC500A63B4C /* SeriesSearchFactory.swift in Sources */ = {isa = PBXBuildFile; fileRef = 3FD15D2229846BC500A63B4C /* SeriesSearchFactory.swift */; };
		3FD15D2529846BCE00A63B4C /* EpisodeDetailsFactory.swift in Sources */ = {isa = PBXBuildFile; fileRef = 3FD15D2429846BCE00A63B4C /* EpisodeDetailsFactory.swift */; };
		3FD15D2829846BE900A63B4C /* UITableView.swift in Sources */ = {isa = PBXBuildFile; fileRef = 3FD15D2729846BE900A63B4C /* UITableView.swift */; };
		3FD15D2B29846CA900A63B4C /* DependencyContainer.swift in Sources */ = {isa = PBXBuildFile; fileRef = 3FD15D2A29846CA900A63B4C /* DependencyContainer.swift */; };
		3FD15D2D2985A27C00A63B4C /* ImageLabelView.swift in Sources */ = {isa = PBXBuildFile; fileRef = 3FD15D2C2985A27C00A63B4C /* ImageLabelView.swift */; };
		3FD15D352985AA3800A63B4C /* SeriesListTableViewCell.swift in Sources */ = {isa = PBXBuildFile; fileRef = 3FD15D342985AA3800A63B4C /* SeriesListTableViewCell.swift */; };
		3FD15D372985ABDC00A63B4C /* ReusableView.swift in Sources */ = {isa = PBXBuildFile; fileRef = 3FD15D362985ABDC00A63B4C /* ReusableView.swift */; };
		3FD15D392985AC9600A63B4C /* SeriesListViewModel.swift in Sources */ = {isa = PBXBuildFile; fileRef = 3FD15D382985AC9600A63B4C /* SeriesListViewModel.swift */; };
		3FD15D3B2985ACD800A63B4C /* SeriesDisplayModel.swift in Sources */ = {isa = PBXBuildFile; fileRef = 3FD15D3A2985ACD800A63B4C /* SeriesDisplayModel.swift */; };
		3FD15D3D2985B1A700A63B4C /* LoadingView.swift in Sources */ = {isa = PBXBuildFile; fileRef = 3FD15D3C2985B1A700A63B4C /* LoadingView.swift */; };
		3FD15D3F2985B4C400A63B4C /* GenericErrorView.swift in Sources */ = {isa = PBXBuildFile; fileRef = 3FD15D3E2985B4C400A63B4C /* GenericErrorView.swift */; };
		3FD15D412985B55400A63B4C /* ColorPalette.swift in Sources */ = {isa = PBXBuildFile; fileRef = 3FD15D402985B55400A63B4C /* ColorPalette.swift */; };
		3FD15D482985BF1600A63B4C /* SeriesListService.swift in Sources */ = {isa = PBXBuildFile; fileRef = 3FD15D472985BF1600A63B4C /* SeriesListService.swift */; };
		3FD15D4F2985DE1200A63B4C /* SeriesListCoordinator.swift in Sources */ = {isa = PBXBuildFile; fileRef = 3FD15D4E2985DE1200A63B4C /* SeriesListCoordinator.swift */; };
		3FD15D512985E00200A63B4C /* SeriesDetailsModel.swift in Sources */ = {isa = PBXBuildFile; fileRef = 3FD15D502985E00200A63B4C /* SeriesDetailsModel.swift */; };
		3FD15D532985E31900A63B4C /* SeriesDetailsViewModel.swift in Sources */ = {isa = PBXBuildFile; fileRef = 3FD15D522985E31900A63B4C /* SeriesDetailsViewModel.swift */; };
		3FD15D552985E43900A63B4C /* SeriesSearchViewModel.swift in Sources */ = {isa = PBXBuildFile; fileRef = 3FD15D542985E43900A63B4C /* SeriesSearchViewModel.swift */; };
		3FD15D572985E44D00A63B4C /* SeriesSearchService.swift in Sources */ = {isa = PBXBuildFile; fileRef = 3FD15D562985E44D00A63B4C /* SeriesSearchService.swift */; };
		3FD15D592985E50500A63B4C /* SeriesSearchModel.swift in Sources */ = {isa = PBXBuildFile; fileRef = 3FD15D582985E50400A63B4C /* SeriesSearchModel.swift */; };
		3FD15D5B2985E56600A63B4C /* SeriesSearchTableViewCell.swift in Sources */ = {isa = PBXBuildFile; fileRef = 3FD15D5A2985E56600A63B4C /* SeriesSearchTableViewCell.swift */; };
		3FD15D5D2985EE0800A63B4C /* ImageNameVerticalView.swift in Sources */ = {isa = PBXBuildFile; fileRef = 3FD15D5C2985EE0800A63B4C /* ImageNameVerticalView.swift */; };
		3FD15D612986D62A00A63B4C /* UIColor.swift in Sources */ = {isa = PBXBuildFile; fileRef = 3FD15D602986D62A00A63B4C /* UIColor.swift */; };
		3FD15D632986E0A500A63B4C /* EpisodeListDisplayModel.swift in Sources */ = {isa = PBXBuildFile; fileRef = 3FD15D622986E0A500A63B4C /* EpisodeListDisplayModel.swift */; };
		3FD15D652986E0B100A63B4C /* SeriesDetailsDisplayModel.swift in Sources */ = {isa = PBXBuildFile; fileRef = 3FD15D642986E0B100A63B4C /* SeriesDetailsDisplayModel.swift */; };
		3FD15D692986F31500A63B4C /* SeriesDetailsEpisodeCollectionViewCell.swift in Sources */ = {isa = PBXBuildFile; fileRef = 3FD15D682986F31500A63B4C /* SeriesDetailsEpisodeCollectionViewCell.swift */; };
		3FD15D6B2986F5AC00A63B4C /* SeriesSeasonView.swift in Sources */ = {isa = PBXBuildFile; fileRef = 3FD15D6A2986F5AC00A63B4C /* SeriesSeasonView.swift */; };
		3FD15D6D2986F9E900A63B4C /* UICollectionView.swift in Sources */ = {isa = PBXBuildFile; fileRef = 3FD15D6C2986F9E900A63B4C /* UICollectionView.swift */; };
		68A801C91ECB345828D05D64 /* Pods_TVMazeAPI.framework in Frameworks */ = {isa = PBXBuildFile; fileRef = 74177398648CAAE7BFEEFC2D /* Pods_TVMazeAPI.framework */; };
		77B1B2CD8E7641811D2B6549 /* Pods_TVMazeAPITests.framework in Frameworks */ = {isa = PBXBuildFile; fileRef = 1C8E9B6418B46877123BF178 /* Pods_TVMazeAPITests.framework */; };
		D6E261963CA191B3541EBE1D /* Pods_TVMazeAPI_TVMazeAPIUITests.framework in Frameworks */ = {isa = PBXBuildFile; fileRef = 6A6EAE9B7E20D5E59A4850AF /* Pods_TVMazeAPI_TVMazeAPIUITests.framework */; };
/* End PBXBuildFile section */

/* Begin PBXContainerItemProxy section */
		3FD15CC3298437F100A63B4C /* PBXContainerItemProxy */ = {
			isa = PBXContainerItemProxy;
			containerPortal = 3FD15CA4298437EF00A63B4C /* Project object */;
			proxyType = 1;
			remoteGlobalIDString = 3FD15CAB298437EF00A63B4C;
			remoteInfo = TVMazeAPI;
		};
		3FD15CCD298437F100A63B4C /* PBXContainerItemProxy */ = {
			isa = PBXContainerItemProxy;
			containerPortal = 3FD15CA4298437EF00A63B4C /* Project object */;
			proxyType = 1;
			remoteGlobalIDString = 3FD15CAB298437EF00A63B4C;
			remoteInfo = TVMazeAPI;
		};
/* End PBXContainerItemProxy section */

/* Begin PBXFileReference section */
		1C8E9B6418B46877123BF178 /* Pods_TVMazeAPITests.framework */ = {isa = PBXFileReference; explicitFileType = wrapper.framework; includeInIndex = 0; path = Pods_TVMazeAPITests.framework; sourceTree = BUILT_PRODUCTS_DIR; };
		3FD15CAC298437EF00A63B4C /* TVMazeAPI.app */ = {isa = PBXFileReference; explicitFileType = wrapper.application; includeInIndex = 0; path = TVMazeAPI.app; sourceTree = BUILT_PRODUCTS_DIR; };
		3FD15CAF298437EF00A63B4C /* AppDelegate.swift */ = {isa = PBXFileReference; lastKnownFileType = sourcecode.swift; path = AppDelegate.swift; sourceTree = "<group>"; };
		3FD15CB1298437EF00A63B4C /* SceneDelegate.swift */ = {isa = PBXFileReference; lastKnownFileType = sourcecode.swift; path = SceneDelegate.swift; sourceTree = "<group>"; };
		3FD15CB8298437F100A63B4C /* Assets.xcassets */ = {isa = PBXFileReference; lastKnownFileType = folder.assetcatalog; path = Assets.xcassets; sourceTree = "<group>"; };
		3FD15CBB298437F100A63B4C /* Base */ = {isa = PBXFileReference; lastKnownFileType = file.storyboard; name = Base; path = Base.lproj/LaunchScreen.storyboard; sourceTree = "<group>"; };
		3FD15CBD298437F100A63B4C /* Info.plist */ = {isa = PBXFileReference; lastKnownFileType = text.plist.xml; path = Info.plist; sourceTree = "<group>"; };
		3FD15CC2298437F100A63B4C /* TVMazeAPITests.xctest */ = {isa = PBXFileReference; explicitFileType = wrapper.cfbundle; includeInIndex = 0; path = TVMazeAPITests.xctest; sourceTree = BUILT_PRODUCTS_DIR; };
		3FD15CC6298437F100A63B4C /* TVMazeAPITests.swift */ = {isa = PBXFileReference; lastKnownFileType = sourcecode.swift; path = TVMazeAPITests.swift; sourceTree = "<group>"; };
		3FD15CCC298437F100A63B4C /* TVMazeAPIUITests.xctest */ = {isa = PBXFileReference; explicitFileType = wrapper.cfbundle; includeInIndex = 0; path = TVMazeAPIUITests.xctest; sourceTree = BUILT_PRODUCTS_DIR; };
		3FD15CD0298437F100A63B4C /* TVMazeAPIUITests.swift */ = {isa = PBXFileReference; lastKnownFileType = sourcecode.swift; path = TVMazeAPIUITests.swift; sourceTree = "<group>"; };
		3FD15CD2298437F100A63B4C /* TVMazeAPIUITestsLaunchTests.swift */ = {isa = PBXFileReference; lastKnownFileType = sourcecode.swift; path = TVMazeAPIUITestsLaunchTests.swift; sourceTree = "<group>"; };
		3FD15CE629843A7500A63B4C /* API.swift */ = {isa = PBXFileReference; lastKnownFileType = sourcecode.swift; path = API.swift; sourceTree = "<group>"; };
		3FD15CE829843AE500A63B4C /* EndpointExposable.swift */ = {isa = PBXFileReference; lastKnownFileType = sourcecode.swift; path = EndpointExposable.swift; sourceTree = "<group>"; };
		3FD15CEA29843B0700A63B4C /* HTTPMethod.swift */ = {isa = PBXFileReference; lastKnownFileType = sourcecode.swift; path = HTTPMethod.swift; sourceTree = "<group>"; };
		3FD15CEC29845EBF00A63B4C /* SeriesModel.swift */ = {isa = PBXFileReference; lastKnownFileType = sourcecode.swift; path = SeriesModel.swift; sourceTree = "<group>"; };
		3FD15CEF29845F8300A63B4C /* SeriesListViewController.swift */ = {isa = PBXFileReference; lastKnownFileType = sourcecode.swift; path = SeriesListViewController.swift; sourceTree = "<group>"; };
		3FD15CF729845FA400A63B4C /* SeriesEndpoint.swift */ = {isa = PBXFileReference; lastKnownFileType = sourcecode.swift; path = SeriesEndpoint.swift; sourceTree = "<group>"; };
		3FD15CF92984695400A63B4C /* EpisodeModel.swift */ = {isa = PBXFileReference; lastKnownFileType = sourcecode.swift; path = EpisodeModel.swift; sourceTree = "<group>"; };
		3FD15CFB2984696700A63B4C /* ImageModel.swift */ = {isa = PBXFileReference; lastKnownFileType = sourcecode.swift; path = ImageModel.swift; sourceTree = "<group>"; };
		3FD15CFD2984699800A63B4C /* ViewCodable.swift */ = {isa = PBXFileReference; lastKnownFileType = sourcecode.swift; path = ViewCodable.swift; sourceTree = "<group>"; };
		3FD15D0229846ADC00A63B4C /* EpisodeDetailsViewController.swift */ = {isa = PBXFileReference; lastKnownFileType = sourcecode.swift; path = EpisodeDetailsViewController.swift; sourceTree = "<group>"; };
		3FD15D0429846AE800A63B4C /* EpisodeDetailsPresenter.swift */ = {isa = PBXFileReference; lastKnownFileType = sourcecode.swift; path = EpisodeDetailsPresenter.swift; sourceTree = "<group>"; };
		3FD15D0629846AF200A63B4C /* EpisodeDetailsInteractor.swift */ = {isa = PBXFileReference; lastKnownFileType = sourcecode.swift; path = EpisodeDetailsInteractor.swift; sourceTree = "<group>"; };
		3FD15D0829846B0000A63B4C /* EpisodeDetailsWireframe.swift */ = {isa = PBXFileReference; lastKnownFileType = sourcecode.swift; path = EpisodeDetailsWireframe.swift; sourceTree = "<group>"; };
		3FD15D0A29846B1400A63B4C /* SeriesSearchViewController.swift */ = {isa = PBXFileReference; lastKnownFileType = sourcecode.swift; path = SeriesSearchViewController.swift; sourceTree = "<group>"; };
		3FD15D1229846B5D00A63B4C /* SeriesDetailsViewController.swift */ = {isa = PBXFileReference; lastKnownFileType = sourcecode.swift; path = SeriesDetailsViewController.swift; sourceTree = "<group>"; };
		3FD15D1829846B7C00A63B4C /* SeriesDetailsService.swift */ = {isa = PBXFileReference; lastKnownFileType = sourcecode.swift; path = SeriesDetailsService.swift; sourceTree = "<group>"; };
		3FD15D1A29846B8600A63B4C /* SeriesDetailsCoordinator.swift */ = {isa = PBXFileReference; lastKnownFileType = sourcecode.swift; path = SeriesDetailsCoordinator.swift; sourceTree = "<group>"; };
		3FD15D1E29846BA000A63B4C /* SeriesListFactory.swift */ = {isa = PBXFileReference; lastKnownFileType = sourcecode.swift; path = SeriesListFactory.swift; sourceTree = "<group>"; };
		3FD15D2029846BBD00A63B4C /* SeriesDetailsFactory.swift */ = {isa = PBXFileReference; lastKnownFileType = sourcecode.swift; path = SeriesDetailsFactory.swift; sourceTree = "<group>"; };
		3FD15D2229846BC500A63B4C /* SeriesSearchFactory.swift */ = {isa = PBXFileReference; lastKnownFileType = sourcecode.swift; path = SeriesSearchFactory.swift; sourceTree = "<group>"; };
		3FD15D2429846BCE00A63B4C /* EpisodeDetailsFactory.swift */ = {isa = PBXFileReference; lastKnownFileType = sourcecode.swift; path = EpisodeDetailsFactory.swift; sourceTree = "<group>"; };
		3FD15D2729846BE900A63B4C /* UITableView.swift */ = {isa = PBXFileReference; lastKnownFileType = sourcecode.swift; path = UITableView.swift; sourceTree = "<group>"; };
		3FD15D2A29846CA900A63B4C /* DependencyContainer.swift */ = {isa = PBXFileReference; lastKnownFileType = sourcecode.swift; path = DependencyContainer.swift; sourceTree = "<group>"; };
		3FD15D2C2985A27C00A63B4C /* ImageLabelView.swift */ = {isa = PBXFileReference; lastKnownFileType = sourcecode.swift; path = ImageLabelView.swift; sourceTree = "<group>"; };
		3FD15D342985AA3800A63B4C /* SeriesListTableViewCell.swift */ = {isa = PBXFileReference; lastKnownFileType = sourcecode.swift; path = SeriesListTableViewCell.swift; sourceTree = "<group>"; };
		3FD15D362985ABDC00A63B4C /* ReusableView.swift */ = {isa = PBXFileReference; lastKnownFileType = sourcecode.swift; path = ReusableView.swift; sourceTree = "<group>"; };
		3FD15D382985AC9600A63B4C /* SeriesListViewModel.swift */ = {isa = PBXFileReference; lastKnownFileType = sourcecode.swift; path = SeriesListViewModel.swift; sourceTree = "<group>"; };
		3FD15D3A2985ACD800A63B4C /* SeriesDisplayModel.swift */ = {isa = PBXFileReference; lastKnownFileType = sourcecode.swift; path = SeriesDisplayModel.swift; sourceTree = "<group>"; };
		3FD15D3C2985B1A700A63B4C /* LoadingView.swift */ = {isa = PBXFileReference; lastKnownFileType = sourcecode.swift; path = LoadingView.swift; sourceTree = "<group>"; };
		3FD15D3E2985B4C400A63B4C /* GenericErrorView.swift */ = {isa = PBXFileReference; lastKnownFileType = sourcecode.swift; path = GenericErrorView.swift; sourceTree = "<group>"; };
		3FD15D402985B55400A63B4C /* ColorPalette.swift */ = {isa = PBXFileReference; lastKnownFileType = sourcecode.swift; path = ColorPalette.swift; sourceTree = "<group>"; };
		3FD15D472985BF1600A63B4C /* SeriesListService.swift */ = {isa = PBXFileReference; lastKnownFileType = sourcecode.swift; path = SeriesListService.swift; sourceTree = "<group>"; };
		3FD15D4E2985DE1200A63B4C /* SeriesListCoordinator.swift */ = {isa = PBXFileReference; lastKnownFileType = sourcecode.swift; path = SeriesListCoordinator.swift; sourceTree = "<group>"; };
		3FD15D502985E00200A63B4C /* SeriesDetailsModel.swift */ = {isa = PBXFileReference; lastKnownFileType = sourcecode.swift; path = SeriesDetailsModel.swift; sourceTree = "<group>"; };
		3FD15D522985E31900A63B4C /* SeriesDetailsViewModel.swift */ = {isa = PBXFileReference; lastKnownFileType = sourcecode.swift; path = SeriesDetailsViewModel.swift; sourceTree = "<group>"; };
		3FD15D542985E43900A63B4C /* SeriesSearchViewModel.swift */ = {isa = PBXFileReference; lastKnownFileType = sourcecode.swift; path = SeriesSearchViewModel.swift; sourceTree = "<group>"; };
		3FD15D562985E44D00A63B4C /* SeriesSearchService.swift */ = {isa = PBXFileReference; lastKnownFileType = sourcecode.swift; path = SeriesSearchService.swift; sourceTree = "<group>"; };
		3FD15D582985E50400A63B4C /* SeriesSearchModel.swift */ = {isa = PBXFileReference; lastKnownFileType = sourcecode.swift; path = SeriesSearchModel.swift; sourceTree = "<group>"; };
		3FD15D5A2985E56600A63B4C /* SeriesSearchTableViewCell.swift */ = {isa = PBXFileReference; lastKnownFileType = sourcecode.swift; path = SeriesSearchTableViewCell.swift; sourceTree = "<group>"; };
		3FD15D5C2985EE0800A63B4C /* ImageNameVerticalView.swift */ = {isa = PBXFileReference; lastKnownFileType = sourcecode.swift; path = ImageNameVerticalView.swift; sourceTree = "<group>"; };
		3FD15D602986D62A00A63B4C /* UIColor.swift */ = {isa = PBXFileReference; lastKnownFileType = sourcecode.swift; path = UIColor.swift; sourceTree = "<group>"; };
		3FD15D622986E0A500A63B4C /* EpisodeListDisplayModel.swift */ = {isa = PBXFileReference; lastKnownFileType = sourcecode.swift; path = EpisodeListDisplayModel.swift; sourceTree = "<group>"; };
		3FD15D642986E0B100A63B4C /* SeriesDetailsDisplayModel.swift */ = {isa = PBXFileReference; lastKnownFileType = sourcecode.swift; path = SeriesDetailsDisplayModel.swift; sourceTree = "<group>"; };
		3FD15D682986F31500A63B4C /* SeriesDetailsEpisodeCollectionViewCell.swift */ = {isa = PBXFileReference; lastKnownFileType = sourcecode.swift; path = SeriesDetailsEpisodeCollectionViewCell.swift; sourceTree = "<group>"; };
		3FD15D6A2986F5AC00A63B4C /* SeriesSeasonView.swift */ = {isa = PBXFileReference; lastKnownFileType = sourcecode.swift; path = SeriesSeasonView.swift; sourceTree = "<group>"; };
		3FD15D6C2986F9E900A63B4C /* UICollectionView.swift */ = {isa = PBXFileReference; lastKnownFileType = sourcecode.swift; path = UICollectionView.swift; sourceTree = "<group>"; };
		5729B304C31EBD880E78EB88 /* Pods-TVMazeAPITests.debug.xcconfig */ = {isa = PBXFileReference; includeInIndex = 1; lastKnownFileType = text.xcconfig; name = "Pods-TVMazeAPITests.debug.xcconfig"; path = "Target Support Files/Pods-TVMazeAPITests/Pods-TVMazeAPITests.debug.xcconfig"; sourceTree = "<group>"; };
		6A6EAE9B7E20D5E59A4850AF /* Pods_TVMazeAPI_TVMazeAPIUITests.framework */ = {isa = PBXFileReference; explicitFileType = wrapper.framework; includeInIndex = 0; path = Pods_TVMazeAPI_TVMazeAPIUITests.framework; sourceTree = BUILT_PRODUCTS_DIR; };
		72BE9D27C46AA71D86CFE9C2 /* Pods-TVMazeAPI-TVMazeAPIUITests.release.xcconfig */ = {isa = PBXFileReference; includeInIndex = 1; lastKnownFileType = text.xcconfig; name = "Pods-TVMazeAPI-TVMazeAPIUITests.release.xcconfig"; path = "Target Support Files/Pods-TVMazeAPI-TVMazeAPIUITests/Pods-TVMazeAPI-TVMazeAPIUITests.release.xcconfig"; sourceTree = "<group>"; };
		74177398648CAAE7BFEEFC2D /* Pods_TVMazeAPI.framework */ = {isa = PBXFileReference; explicitFileType = wrapper.framework; includeInIndex = 0; path = Pods_TVMazeAPI.framework; sourceTree = BUILT_PRODUCTS_DIR; };
		CC3DFE8D1126326E3FBB4D52 /* Pods-TVMazeAPI.debug.xcconfig */ = {isa = PBXFileReference; includeInIndex = 1; lastKnownFileType = text.xcconfig; name = "Pods-TVMazeAPI.debug.xcconfig"; path = "Target Support Files/Pods-TVMazeAPI/Pods-TVMazeAPI.debug.xcconfig"; sourceTree = "<group>"; };
		D6AFE47AA904C4CAF0E27741 /* Pods-TVMazeAPI.release.xcconfig */ = {isa = PBXFileReference; includeInIndex = 1; lastKnownFileType = text.xcconfig; name = "Pods-TVMazeAPI.release.xcconfig"; path = "Target Support Files/Pods-TVMazeAPI/Pods-TVMazeAPI.release.xcconfig"; sourceTree = "<group>"; };
		EDECA755B9D11B37026BB0D8 /* Pods-TVMazeAPI-TVMazeAPIUITests.debug.xcconfig */ = {isa = PBXFileReference; includeInIndex = 1; lastKnownFileType = text.xcconfig; name = "Pods-TVMazeAPI-TVMazeAPIUITests.debug.xcconfig"; path = "Target Support Files/Pods-TVMazeAPI-TVMazeAPIUITests/Pods-TVMazeAPI-TVMazeAPIUITests.debug.xcconfig"; sourceTree = "<group>"; };
		F2D11F45B3850FB7A431D546 /* Pods-TVMazeAPITests.release.xcconfig */ = {isa = PBXFileReference; includeInIndex = 1; lastKnownFileType = text.xcconfig; name = "Pods-TVMazeAPITests.release.xcconfig"; path = "Target Support Files/Pods-TVMazeAPITests/Pods-TVMazeAPITests.release.xcconfig"; sourceTree = "<group>"; };
/* End PBXFileReference section */

/* Begin PBXFrameworksBuildPhase section */
		3FD15CA9298437EF00A63B4C /* Frameworks */ = {
			isa = PBXFrameworksBuildPhase;
			buildActionMask = 2147483647;
			files = (
				68A801C91ECB345828D05D64 /* Pods_TVMazeAPI.framework in Frameworks */,
			);
			runOnlyForDeploymentPostprocessing = 0;
		};
		3FD15CBF298437F100A63B4C /* Frameworks */ = {
			isa = PBXFrameworksBuildPhase;
			buildActionMask = 2147483647;
			files = (
				77B1B2CD8E7641811D2B6549 /* Pods_TVMazeAPITests.framework in Frameworks */,
			);
			runOnlyForDeploymentPostprocessing = 0;
		};
		3FD15CC9298437F100A63B4C /* Frameworks */ = {
			isa = PBXFrameworksBuildPhase;
			buildActionMask = 2147483647;
			files = (
				D6E261963CA191B3541EBE1D /* Pods_TVMazeAPI_TVMazeAPIUITests.framework in Frameworks */,
			);
			runOnlyForDeploymentPostprocessing = 0;
		};
/* End PBXFrameworksBuildPhase section */

/* Begin PBXGroup section */
		3FD15CA3298437EF00A63B4C = {
			isa = PBXGroup;
			children = (
				3FD15CAE298437EF00A63B4C /* TVMazeAPI */,
				3FD15CC5298437F100A63B4C /* TVMazeAPITests */,
				3FD15CCF298437F100A63B4C /* TVMazeAPIUITests */,
				3FD15CAD298437EF00A63B4C /* Products */,
				4A140FBADDD636DF46ACB41D /* Pods */,
				9BD0B64E7EFB44929FD7F3AD /* Frameworks */,
			);
			sourceTree = "<group>";
		};
		3FD15CAD298437EF00A63B4C /* Products */ = {
			isa = PBXGroup;
			children = (
				3FD15CAC298437EF00A63B4C /* TVMazeAPI.app */,
				3FD15CC2298437F100A63B4C /* TVMazeAPITests.xctest */,
				3FD15CCC298437F100A63B4C /* TVMazeAPIUITests.xctest */,
			);
			name = Products;
			sourceTree = "<group>";
		};
		3FD15CAE298437EF00A63B4C /* TVMazeAPI */ = {
			isa = PBXGroup;
			children = (
				3FD15CE1298438A700A63B4C /* App */,
				3FD15CE0298438A100A63B4C /* Scenes */,
				3FD15CDF2984389800A63B4C /* Common */,
				3FD15CBD298437F100A63B4C /* Info.plist */,
			);
			path = TVMazeAPI;
			sourceTree = "<group>";
		};
		3FD15CC5298437F100A63B4C /* TVMazeAPITests */ = {
			isa = PBXGroup;
			children = (
				3FD15CC6298437F100A63B4C /* TVMazeAPITests.swift */,
			);
			path = TVMazeAPITests;
			sourceTree = "<group>";
		};
		3FD15CCF298437F100A63B4C /* TVMazeAPIUITests */ = {
			isa = PBXGroup;
			children = (
				3FD15CD0298437F100A63B4C /* TVMazeAPIUITests.swift */,
				3FD15CD2298437F100A63B4C /* TVMazeAPIUITestsLaunchTests.swift */,
			);
			path = TVMazeAPIUITests;
			sourceTree = "<group>";
		};
		3FD15CDF2984389800A63B4C /* Common */ = {
			isa = PBXGroup;
			children = (
				3FD15D492985C36200A63B4C /* Utils */,
				3FD15D2929846C9A00A63B4C /* Facade */,
				3FD15D2629846BDF00A63B4C /* Extensions */,
				3FD15CE529843A6500A63B4C /* Models */,
				3FD15CE4298439B800A63B4C /* UI */,
				3FD15CE3298439B100A63B4C /* Protocols */,
				3FD15CE2298439AD00A63B4C /* API */,
			);
			path = Common;
			sourceTree = "<group>";
		};
		3FD15CE0298438A100A63B4C /* Scenes */ = {
			isa = PBXGroup;
			children = (
				3FD15D0129846AC600A63B4C /* EpisodeDetails */,
				3FD15D0029846ABB00A63B4C /* SeriesSearch */,
				3FD15CFF29846AB100A63B4C /* SeriesDetails */,
				3FD15CEE29845F6A00A63B4C /* SeriesList */,
			);
			path = Scenes;
			sourceTree = "<group>";
		};
		3FD15CE1298438A700A63B4C /* App */ = {
			isa = PBXGroup;
			children = (
				3FD15CB8298437F100A63B4C /* Assets.xcassets */,
				3FD15CBA298437F100A63B4C /* LaunchScreen.storyboard */,
				3FD15CAF298437EF00A63B4C /* AppDelegate.swift */,
				3FD15CB1298437EF00A63B4C /* SceneDelegate.swift */,
			);
			path = App;
			sourceTree = "<group>";
		};
		3FD15CE2298439AD00A63B4C /* API */ = {
			isa = PBXGroup;
			children = (
				3FD15CE629843A7500A63B4C /* API.swift */,
				3FD15CEA29843B0700A63B4C /* HTTPMethod.swift */,
			);
			path = API;
			sourceTree = "<group>";
		};
		3FD15CE3298439B100A63B4C /* Protocols */ = {
			isa = PBXGroup;
			children = (
				3FD15CE829843AE500A63B4C /* EndpointExposable.swift */,
				3FD15CFD2984699800A63B4C /* ViewCodable.swift */,
				3FD15D362985ABDC00A63B4C /* ReusableView.swift */,
			);
			path = Protocols;
			sourceTree = "<group>";
		};
		3FD15CE4298439B800A63B4C /* UI */ = {
			isa = PBXGroup;
			children = (
				3FD15D2C2985A27C00A63B4C /* ImageLabelView.swift */,
				3FD15D3C2985B1A700A63B4C /* LoadingView.swift */,
				3FD15D3E2985B4C400A63B4C /* GenericErrorView.swift */,
				3FD15D402985B55400A63B4C /* ColorPalette.swift */,
				3FD15D5C2985EE0800A63B4C /* ImageNameVerticalView.swift */,
			);
			path = UI;
			sourceTree = "<group>";
		};
		3FD15CE529843A6500A63B4C /* Models */ = {
			isa = PBXGroup;
			children = (
				3FD15CEC29845EBF00A63B4C /* SeriesModel.swift */,
				3FD15CF92984695400A63B4C /* EpisodeModel.swift */,
				3FD15CFB2984696700A63B4C /* ImageModel.swift */,
				3FD15D502985E00200A63B4C /* SeriesDetailsModel.swift */,
				3FD15D582985E50400A63B4C /* SeriesSearchModel.swift */,
			);
			path = Models;
			sourceTree = "<group>";
		};
		3FD15CEE29845F6A00A63B4C /* SeriesList */ = {
			isa = PBXGroup;
			children = (
				3FD15CEF29845F8300A63B4C /* SeriesListViewController.swift */,
				3FD15D1E29846BA000A63B4C /* SeriesListFactory.swift */,
				3FD15D342985AA3800A63B4C /* SeriesListTableViewCell.swift */,
				3FD15D382985AC9600A63B4C /* SeriesListViewModel.swift */,
				3FD15D3A2985ACD800A63B4C /* SeriesDisplayModel.swift */,
				3FD15D472985BF1600A63B4C /* SeriesListService.swift */,
				3FD15D4E2985DE1200A63B4C /* SeriesListCoordinator.swift */,
			);
			path = SeriesList;
			sourceTree = "<group>";
		};
		3FD15CFF29846AB100A63B4C /* SeriesDetails */ = {
			isa = PBXGroup;
			children = (
				3FD15D1229846B5D00A63B4C /* SeriesDetailsViewController.swift */,
				3FD15D1829846B7C00A63B4C /* SeriesDetailsService.swift */,
				3FD15D1A29846B8600A63B4C /* SeriesDetailsCoordinator.swift */,
				3FD15D2029846BBD00A63B4C /* SeriesDetailsFactory.swift */,
				3FD15D522985E31900A63B4C /* SeriesDetailsViewModel.swift */,
				3FD15D622986E0A500A63B4C /* EpisodeListDisplayModel.swift */,
				3FD15D642986E0B100A63B4C /* SeriesDetailsDisplayModel.swift */,
				3FD15D682986F31500A63B4C /* SeriesDetailsEpisodeCollectionViewCell.swift */,
				3FD15D6A2986F5AC00A63B4C /* SeriesSeasonView.swift */,
			);
			path = SeriesDetails;
			sourceTree = "<group>";
		};
		3FD15D0029846ABB00A63B4C /* SeriesSearch */ = {
			isa = PBXGroup;
			children = (
				3FD15D0A29846B1400A63B4C /* SeriesSearchViewController.swift */,
				3FD15D2229846BC500A63B4C /* SeriesSearchFactory.swift */,
				3FD15D542985E43900A63B4C /* SeriesSearchViewModel.swift */,
				3FD15D562985E44D00A63B4C /* SeriesSearchService.swift */,
				3FD15D5A2985E56600A63B4C /* SeriesSearchTableViewCell.swift */,
			);
			path = SeriesSearch;
			sourceTree = "<group>";
		};
		3FD15D0129846AC600A63B4C /* EpisodeDetails */ = {
			isa = PBXGroup;
			children = (
				3FD15D0229846ADC00A63B4C /* EpisodeDetailsViewController.swift */,
				3FD15D0429846AE800A63B4C /* EpisodeDetailsPresenter.swift */,
				3FD15D0629846AF200A63B4C /* EpisodeDetailsInteractor.swift */,
				3FD15D0829846B0000A63B4C /* EpisodeDetailsWireframe.swift */,
				3FD15D2429846BCE00A63B4C /* EpisodeDetailsFactory.swift */,
			);
			path = EpisodeDetails;
			sourceTree = "<group>";
		};
		3FD15D2629846BDF00A63B4C /* Extensions */ = {
			isa = PBXGroup;
			children = (
				3FD15D2729846BE900A63B4C /* UITableView.swift */,
				3FD15D602986D62A00A63B4C /* UIColor.swift */,
				3FD15D6C2986F9E900A63B4C /* UICollectionView.swift */,
			);
			path = Extensions;
			sourceTree = "<group>";
		};
		3FD15D2929846C9A00A63B4C /* Facade */ = {
			isa = PBXGroup;
			children = (
				3FD15D2A29846CA900A63B4C /* DependencyContainer.swift */,
			);
			path = Facade;
			sourceTree = "<group>";
		};
		3FD15D492985C36200A63B4C /* Utils */ = {
			isa = PBXGroup;
			children = (
				3FD15CF729845FA400A63B4C /* SeriesEndpoint.swift */,
			);
			path = Utils;
			sourceTree = "<group>";
		};
		4A140FBADDD636DF46ACB41D /* Pods */ = {
			isa = PBXGroup;
			children = (
				CC3DFE8D1126326E3FBB4D52 /* Pods-TVMazeAPI.debug.xcconfig */,
				D6AFE47AA904C4CAF0E27741 /* Pods-TVMazeAPI.release.xcconfig */,
				EDECA755B9D11B37026BB0D8 /* Pods-TVMazeAPI-TVMazeAPIUITests.debug.xcconfig */,
				72BE9D27C46AA71D86CFE9C2 /* Pods-TVMazeAPI-TVMazeAPIUITests.release.xcconfig */,
				5729B304C31EBD880E78EB88 /* Pods-TVMazeAPITests.debug.xcconfig */,
				F2D11F45B3850FB7A431D546 /* Pods-TVMazeAPITests.release.xcconfig */,
			);
			path = Pods;
			sourceTree = "<group>";
		};
		9BD0B64E7EFB44929FD7F3AD /* Frameworks */ = {
			isa = PBXGroup;
			children = (
				74177398648CAAE7BFEEFC2D /* Pods_TVMazeAPI.framework */,
				6A6EAE9B7E20D5E59A4850AF /* Pods_TVMazeAPI_TVMazeAPIUITests.framework */,
				1C8E9B6418B46877123BF178 /* Pods_TVMazeAPITests.framework */,
			);
			name = Frameworks;
			sourceTree = "<group>";
		};
/* End PBXGroup section */

/* Begin PBXNativeTarget section */
		3FD15CAB298437EF00A63B4C /* TVMazeAPI */ = {
			isa = PBXNativeTarget;
			buildConfigurationList = 3FD15CD6298437F100A63B4C /* Build configuration list for PBXNativeTarget "TVMazeAPI" */;
			buildPhases = (
				5F213829FC6CC69F9F95CC07 /* [CP] Check Pods Manifest.lock */,
				3FD15CA8298437EF00A63B4C /* Sources */,
				3FD15CA9298437EF00A63B4C /* Frameworks */,
				3FD15CAA298437EF00A63B4C /* Resources */,
				02BB56C5EBE268F365021CB3 /* [CP] Embed Pods Frameworks */,
			);
			buildRules = (
			);
			dependencies = (
			);
			name = TVMazeAPI;
			productName = TVMazeAPI;
			productReference = 3FD15CAC298437EF00A63B4C /* TVMazeAPI.app */;
			productType = "com.apple.product-type.application";
		};
		3FD15CC1298437F100A63B4C /* TVMazeAPITests */ = {
			isa = PBXNativeTarget;
			buildConfigurationList = 3FD15CD9298437F100A63B4C /* Build configuration list for PBXNativeTarget "TVMazeAPITests" */;
			buildPhases = (
				FB4CA3C7319C447B0E4C8F26 /* [CP] Check Pods Manifest.lock */,
				3FD15CBE298437F100A63B4C /* Sources */,
				3FD15CBF298437F100A63B4C /* Frameworks */,
				3FD15CC0298437F100A63B4C /* Resources */,
			);
			buildRules = (
			);
			dependencies = (
				3FD15CC4298437F100A63B4C /* PBXTargetDependency */,
			);
			name = TVMazeAPITests;
			productName = TVMazeAPITests;
			productReference = 3FD15CC2298437F100A63B4C /* TVMazeAPITests.xctest */;
			productType = "com.apple.product-type.bundle.unit-test";
		};
		3FD15CCB298437F100A63B4C /* TVMazeAPIUITests */ = {
			isa = PBXNativeTarget;
			buildConfigurationList = 3FD15CDC298437F100A63B4C /* Build configuration list for PBXNativeTarget "TVMazeAPIUITests" */;
			buildPhases = (
				D5FB81B1A42C9F22ED328341 /* [CP] Check Pods Manifest.lock */,
				3FD15CC8298437F100A63B4C /* Sources */,
				3FD15CC9298437F100A63B4C /* Frameworks */,
				3FD15CCA298437F100A63B4C /* Resources */,
				9A6A14B31A765026DA9646C4 /* [CP] Embed Pods Frameworks */,
			);
			buildRules = (
			);
			dependencies = (
				3FD15CCE298437F100A63B4C /* PBXTargetDependency */,
			);
			name = TVMazeAPIUITests;
			productName = TVMazeAPIUITests;
			productReference = 3FD15CCC298437F100A63B4C /* TVMazeAPIUITests.xctest */;
			productType = "com.apple.product-type.bundle.ui-testing";
		};
/* End PBXNativeTarget section */

/* Begin PBXProject section */
		3FD15CA4298437EF00A63B4C /* Project object */ = {
			isa = PBXProject;
			attributes = {
				BuildIndependentTargetsInParallel = 1;
				LastSwiftUpdateCheck = 1420;
				LastUpgradeCheck = 1420;
				TargetAttributes = {
					3FD15CAB298437EF00A63B4C = {
						CreatedOnToolsVersion = 14.2;
					};
					3FD15CC1298437F100A63B4C = {
						CreatedOnToolsVersion = 14.2;
						TestTargetID = 3FD15CAB298437EF00A63B4C;
					};
					3FD15CCB298437F100A63B4C = {
						CreatedOnToolsVersion = 14.2;
						TestTargetID = 3FD15CAB298437EF00A63B4C;
					};
				};
			};
			buildConfigurationList = 3FD15CA7298437EF00A63B4C /* Build configuration list for PBXProject "TVMazeAPI" */;
			compatibilityVersion = "Xcode 13.0";
			developmentRegion = en;
			hasScannedForEncodings = 0;
			knownRegions = (
				en,
				Base,
			);
			mainGroup = 3FD15CA3298437EF00A63B4C;
			productRefGroup = 3FD15CAD298437EF00A63B4C /* Products */;
			projectDirPath = "";
			projectRoot = "";
			targets = (
				3FD15CAB298437EF00A63B4C /* TVMazeAPI */,
				3FD15CC1298437F100A63B4C /* TVMazeAPITests */,
				3FD15CCB298437F100A63B4C /* TVMazeAPIUITests */,
			);
		};
/* End PBXProject section */

/* Begin PBXResourcesBuildPhase section */
		3FD15CAA298437EF00A63B4C /* Resources */ = {
			isa = PBXResourcesBuildPhase;
			buildActionMask = 2147483647;
			files = (
				3FD15CBC298437F100A63B4C /* LaunchScreen.storyboard in Resources */,
				3FD15CB9298437F100A63B4C /* Assets.xcassets in Resources */,
			);
			runOnlyForDeploymentPostprocessing = 0;
		};
		3FD15CC0298437F100A63B4C /* Resources */ = {
			isa = PBXResourcesBuildPhase;
			buildActionMask = 2147483647;
			files = (
			);
			runOnlyForDeploymentPostprocessing = 0;
		};
		3FD15CCA298437F100A63B4C /* Resources */ = {
			isa = PBXResourcesBuildPhase;
			buildActionMask = 2147483647;
			files = (
			);
			runOnlyForDeploymentPostprocessing = 0;
		};
/* End PBXResourcesBuildPhase section */

/* Begin PBXShellScriptBuildPhase section */
		02BB56C5EBE268F365021CB3 /* [CP] Embed Pods Frameworks */ = {
			isa = PBXShellScriptBuildPhase;
			buildActionMask = 2147483647;
			files = (
			);
			inputFileListPaths = (
				"${PODS_ROOT}/Target Support Files/Pods-TVMazeAPI/Pods-TVMazeAPI-frameworks-${CONFIGURATION}-input-files.xcfilelist",
			);
			name = "[CP] Embed Pods Frameworks";
			outputFileListPaths = (
				"${PODS_ROOT}/Target Support Files/Pods-TVMazeAPI/Pods-TVMazeAPI-frameworks-${CONFIGURATION}-output-files.xcfilelist",
			);
			runOnlyForDeploymentPostprocessing = 0;
			shellPath = /bin/sh;
			shellScript = "\"${PODS_ROOT}/Target Support Files/Pods-TVMazeAPI/Pods-TVMazeAPI-frameworks.sh\"\n";
			showEnvVarsInLog = 0;
		};
		5F213829FC6CC69F9F95CC07 /* [CP] Check Pods Manifest.lock */ = {
			isa = PBXShellScriptBuildPhase;
			buildActionMask = 2147483647;
			files = (
			);
			inputFileListPaths = (
			);
			inputPaths = (
				"${PODS_PODFILE_DIR_PATH}/Podfile.lock",
				"${PODS_ROOT}/Manifest.lock",
			);
			name = "[CP] Check Pods Manifest.lock";
			outputFileListPaths = (
			);
			outputPaths = (
				"$(DERIVED_FILE_DIR)/Pods-TVMazeAPI-checkManifestLockResult.txt",
			);
			runOnlyForDeploymentPostprocessing = 0;
			shellPath = /bin/sh;
			shellScript = "diff \"${PODS_PODFILE_DIR_PATH}/Podfile.lock\" \"${PODS_ROOT}/Manifest.lock\" > /dev/null\nif [ $? != 0 ] ; then\n    # print error to STDERR\n    echo \"error: The sandbox is not in sync with the Podfile.lock. Run 'pod install' or update your CocoaPods installation.\" >&2\n    exit 1\nfi\n# This output is used by Xcode 'outputs' to avoid re-running this script phase.\necho \"SUCCESS\" > \"${SCRIPT_OUTPUT_FILE_0}\"\n";
			showEnvVarsInLog = 0;
		};
		9A6A14B31A765026DA9646C4 /* [CP] Embed Pods Frameworks */ = {
			isa = PBXShellScriptBuildPhase;
			buildActionMask = 2147483647;
			files = (
			);
			inputFileListPaths = (
				"${PODS_ROOT}/Target Support Files/Pods-TVMazeAPI-TVMazeAPIUITests/Pods-TVMazeAPI-TVMazeAPIUITests-frameworks-${CONFIGURATION}-input-files.xcfilelist",
			);
			name = "[CP] Embed Pods Frameworks";
			outputFileListPaths = (
				"${PODS_ROOT}/Target Support Files/Pods-TVMazeAPI-TVMazeAPIUITests/Pods-TVMazeAPI-TVMazeAPIUITests-frameworks-${CONFIGURATION}-output-files.xcfilelist",
			);
			runOnlyForDeploymentPostprocessing = 0;
			shellPath = /bin/sh;
			shellScript = "\"${PODS_ROOT}/Target Support Files/Pods-TVMazeAPI-TVMazeAPIUITests/Pods-TVMazeAPI-TVMazeAPIUITests-frameworks.sh\"\n";
			showEnvVarsInLog = 0;
		};
		D5FB81B1A42C9F22ED328341 /* [CP] Check Pods Manifest.lock */ = {
			isa = PBXShellScriptBuildPhase;
			buildActionMask = 2147483647;
			files = (
			);
			inputFileListPaths = (
			);
			inputPaths = (
				"${PODS_PODFILE_DIR_PATH}/Podfile.lock",
				"${PODS_ROOT}/Manifest.lock",
			);
			name = "[CP] Check Pods Manifest.lock";
			outputFileListPaths = (
			);
			outputPaths = (
				"$(DERIVED_FILE_DIR)/Pods-TVMazeAPI-TVMazeAPIUITests-checkManifestLockResult.txt",
			);
			runOnlyForDeploymentPostprocessing = 0;
			shellPath = /bin/sh;
			shellScript = "diff \"${PODS_PODFILE_DIR_PATH}/Podfile.lock\" \"${PODS_ROOT}/Manifest.lock\" > /dev/null\nif [ $? != 0 ] ; then\n    # print error to STDERR\n    echo \"error: The sandbox is not in sync with the Podfile.lock. Run 'pod install' or update your CocoaPods installation.\" >&2\n    exit 1\nfi\n# This output is used by Xcode 'outputs' to avoid re-running this script phase.\necho \"SUCCESS\" > \"${SCRIPT_OUTPUT_FILE_0}\"\n";
			showEnvVarsInLog = 0;
		};
		FB4CA3C7319C447B0E4C8F26 /* [CP] Check Pods Manifest.lock */ = {
			isa = PBXShellScriptBuildPhase;
			buildActionMask = 2147483647;
			files = (
			);
			inputFileListPaths = (
			);
			inputPaths = (
				"${PODS_PODFILE_DIR_PATH}/Podfile.lock",
				"${PODS_ROOT}/Manifest.lock",
			);
			name = "[CP] Check Pods Manifest.lock";
			outputFileListPaths = (
			);
			outputPaths = (
				"$(DERIVED_FILE_DIR)/Pods-TVMazeAPITests-checkManifestLockResult.txt",
			);
			runOnlyForDeploymentPostprocessing = 0;
			shellPath = /bin/sh;
			shellScript = "diff \"${PODS_PODFILE_DIR_PATH}/Podfile.lock\" \"${PODS_ROOT}/Manifest.lock\" > /dev/null\nif [ $? != 0 ] ; then\n    # print error to STDERR\n    echo \"error: The sandbox is not in sync with the Podfile.lock. Run 'pod install' or update your CocoaPods installation.\" >&2\n    exit 1\nfi\n# This output is used by Xcode 'outputs' to avoid re-running this script phase.\necho \"SUCCESS\" > \"${SCRIPT_OUTPUT_FILE_0}\"\n";
			showEnvVarsInLog = 0;
		};
/* End PBXShellScriptBuildPhase section */

/* Begin PBXSourcesBuildPhase section */
		3FD15CA8298437EF00A63B4C /* Sources */ = {
			isa = PBXSourcesBuildPhase;
			buildActionMask = 2147483647;
			files = (
				3FD15D3B2985ACD800A63B4C /* SeriesDisplayModel.swift in Sources */,
				3FD15D1329846B5D00A63B4C /* SeriesDetailsViewController.swift in Sources */,
				3FD15D352985AA3800A63B4C /* SeriesListTableViewCell.swift in Sources */,
				3FD15D0B29846B1400A63B4C /* SeriesSearchViewController.swift in Sources */,
				3FD15D592985E50500A63B4C /* SeriesSearchModel.swift in Sources */,
				3FD15D3D2985B1A700A63B4C /* LoadingView.swift in Sources */,
				3FD15D6D2986F9E900A63B4C /* UICollectionView.swift in Sources */,
				3FD15CED29845EBF00A63B4C /* SeriesModel.swift in Sources */,
				3FD15D5B2985E56600A63B4C /* SeriesSearchTableViewCell.swift in Sources */,
				3FD15D4F2985DE1200A63B4C /* SeriesListCoordinator.swift in Sources */,
				3FD15D2129846BBD00A63B4C /* SeriesDetailsFactory.swift in Sources */,
				3FD15D0929846B0000A63B4C /* EpisodeDetailsWireframe.swift in Sources */,
				3FD15D6B2986F5AC00A63B4C /* SeriesSeasonView.swift in Sources */,
				3FD15D5D2985EE0800A63B4C /* ImageNameVerticalView.swift in Sources */,
				3FD15D632986E0A500A63B4C /* EpisodeListDisplayModel.swift in Sources */,
				3FD15D372985ABDC00A63B4C /* ReusableView.swift in Sources */,
				3FD15D512985E00200A63B4C /* SeriesDetailsModel.swift in Sources */,
				3FD15CB0298437EF00A63B4C /* AppDelegate.swift in Sources */,
				3FD15CF029845F8300A63B4C /* SeriesListViewController.swift in Sources */,
				3FD15CF829845FA400A63B4C /* SeriesEndpoint.swift in Sources */,
				3FD15CE729843A7500A63B4C /* API.swift in Sources */,
				3FD15D412985B55400A63B4C /* ColorPalette.swift in Sources */,
				3FD15CE929843AE500A63B4C /* EndpointExposable.swift in Sources */,
				3FD15D0329846ADC00A63B4C /* EpisodeDetailsViewController.swift in Sources */,
				3FD15CEB29843B0700A63B4C /* HTTPMethod.swift in Sources */,
				3FD15CB2298437EF00A63B4C /* SceneDelegate.swift in Sources */,
				3FD15D692986F31500A63B4C /* SeriesDetailsEpisodeCollectionViewCell.swift in Sources */,
				3FD15D1B29846B8600A63B4C /* SeriesDetailsCoordinator.swift in Sources */,
				3FD15D612986D62A00A63B4C /* UIColor.swift in Sources */,
				3FD15D652986E0B100A63B4C /* SeriesDetailsDisplayModel.swift in Sources */,
				3FD15D1929846B7C00A63B4C /* SeriesDetailsService.swift in Sources */,
				3FD15D572985E44D00A63B4C /* SeriesSearchService.swift in Sources */,
				3FD15D1F29846BA000A63B4C /* SeriesListFactory.swift in Sources */,
				3FD15D0729846AF200A63B4C /* EpisodeDetailsInteractor.swift in Sources */,
				3FD15D3F2985B4C400A63B4C /* GenericErrorView.swift in Sources */,
				3FD15D552985E43900A63B4C /* SeriesSearchViewModel.swift in Sources */,
				3FD15D532985E31900A63B4C /* SeriesDetailsViewModel.swift in Sources */,
				3FD15CFE2984699800A63B4C /* ViewCodable.swift in Sources */,
				3FD15CFC2984696700A63B4C /* ImageModel.swift in Sources */,
				3FD15CFA2984695400A63B4C /* EpisodeModel.swift in Sources */,
				3FD15D2829846BE900A63B4C /* UITableView.swift in Sources */,
				3FD15D392985AC9600A63B4C /* SeriesListViewModel.swift in Sources */,
				3FD15D482985BF1600A63B4C /* SeriesListService.swift in Sources */,
				3FD15D2B29846CA900A63B4C /* DependencyContainer.swift in Sources */,
				3FD15D2D2985A27C00A63B4C /* ImageLabelView.swift in Sources */,
				3FD15D2529846BCE00A63B4C /* EpisodeDetailsFactory.swift in Sources */,
				3FD15D2329846BC500A63B4C /* SeriesSearchFactory.swift in Sources */,
				3FD15D0529846AE800A63B4C /* EpisodeDetailsPresenter.swift in Sources */,
			);
			runOnlyForDeploymentPostprocessing = 0;
		};
		3FD15CBE298437F100A63B4C /* Sources */ = {
			isa = PBXSourcesBuildPhase;
			buildActionMask = 2147483647;
			files = (
				3FD15CC7298437F100A63B4C /* TVMazeAPITests.swift in Sources */,
			);
			runOnlyForDeploymentPostprocessing = 0;
		};
		3FD15CC8298437F100A63B4C /* Sources */ = {
			isa = PBXSourcesBuildPhase;
			buildActionMask = 2147483647;
			files = (
				3FD15CD3298437F100A63B4C /* TVMazeAPIUITestsLaunchTests.swift in Sources */,
				3FD15CD1298437F100A63B4C /* TVMazeAPIUITests.swift in Sources */,
			);
			runOnlyForDeploymentPostprocessing = 0;
		};
/* End PBXSourcesBuildPhase section */

/* Begin PBXTargetDependency section */
		3FD15CC4298437F100A63B4C /* PBXTargetDependency */ = {
			isa = PBXTargetDependency;
			target = 3FD15CAB298437EF00A63B4C /* TVMazeAPI */;
			targetProxy = 3FD15CC3298437F100A63B4C /* PBXContainerItemProxy */;
		};
		3FD15CCE298437F100A63B4C /* PBXTargetDependency */ = {
			isa = PBXTargetDependency;
			target = 3FD15CAB298437EF00A63B4C /* TVMazeAPI */;
			targetProxy = 3FD15CCD298437F100A63B4C /* PBXContainerItemProxy */;
		};
/* End PBXTargetDependency section */

/* Begin PBXVariantGroup section */
		3FD15CBA298437F100A63B4C /* LaunchScreen.storyboard */ = {
			isa = PBXVariantGroup;
			children = (
				3FD15CBB298437F100A63B4C /* Base */,
			);
			name = LaunchScreen.storyboard;
			sourceTree = "<group>";
		};
/* End PBXVariantGroup section */

/* Begin XCBuildConfiguration section */
		3FD15CD4298437F100A63B4C /* Debug */ = {
			isa = XCBuildConfiguration;
			buildSettings = {
				ALWAYS_SEARCH_USER_PATHS = NO;
				CLANG_ANALYZER_NONNULL = YES;
				CLANG_ANALYZER_NUMBER_OBJECT_CONVERSION = YES_AGGRESSIVE;
				CLANG_CXX_LANGUAGE_STANDARD = "gnu++20";
				CLANG_ENABLE_MODULES = YES;
				CLANG_ENABLE_OBJC_ARC = YES;
				CLANG_ENABLE_OBJC_WEAK = YES;
				CLANG_WARN_BLOCK_CAPTURE_AUTORELEASING = YES;
				CLANG_WARN_BOOL_CONVERSION = YES;
				CLANG_WARN_COMMA = YES;
				CLANG_WARN_CONSTANT_CONVERSION = YES;
				CLANG_WARN_DEPRECATED_OBJC_IMPLEMENTATIONS = YES;
				CLANG_WARN_DIRECT_OBJC_ISA_USAGE = YES_ERROR;
				CLANG_WARN_DOCUMENTATION_COMMENTS = YES;
				CLANG_WARN_EMPTY_BODY = YES;
				CLANG_WARN_ENUM_CONVERSION = YES;
				CLANG_WARN_INFINITE_RECURSION = YES;
				CLANG_WARN_INT_CONVERSION = YES;
				CLANG_WARN_NON_LITERAL_NULL_CONVERSION = YES;
				CLANG_WARN_OBJC_IMPLICIT_RETAIN_SELF = YES;
				CLANG_WARN_OBJC_LITERAL_CONVERSION = YES;
				CLANG_WARN_OBJC_ROOT_CLASS = YES_ERROR;
				CLANG_WARN_QUOTED_INCLUDE_IN_FRAMEWORK_HEADER = YES;
				CLANG_WARN_RANGE_LOOP_ANALYSIS = YES;
				CLANG_WARN_STRICT_PROTOTYPES = YES;
				CLANG_WARN_SUSPICIOUS_MOVE = YES;
				CLANG_WARN_UNGUARDED_AVAILABILITY = YES_AGGRESSIVE;
				CLANG_WARN_UNREACHABLE_CODE = YES;
				CLANG_WARN__DUPLICATE_METHOD_MATCH = YES;
				COPY_PHASE_STRIP = NO;
				DEBUG_INFORMATION_FORMAT = dwarf;
				ENABLE_STRICT_OBJC_MSGSEND = YES;
				ENABLE_TESTABILITY = YES;
				GCC_C_LANGUAGE_STANDARD = gnu11;
				GCC_DYNAMIC_NO_PIC = NO;
				GCC_NO_COMMON_BLOCKS = YES;
				GCC_OPTIMIZATION_LEVEL = 0;
				GCC_PREPROCESSOR_DEFINITIONS = (
					"DEBUG=1",
					"$(inherited)",
				);
				GCC_WARN_64_TO_32_BIT_CONVERSION = YES;
				GCC_WARN_ABOUT_RETURN_TYPE = YES_ERROR;
				GCC_WARN_UNDECLARED_SELECTOR = YES;
				GCC_WARN_UNINITIALIZED_AUTOS = YES_AGGRESSIVE;
				GCC_WARN_UNUSED_FUNCTION = YES;
				GCC_WARN_UNUSED_VARIABLE = YES;
				IPHONEOS_DEPLOYMENT_TARGET = 16.2;
				MTL_ENABLE_DEBUG_INFO = INCLUDE_SOURCE;
				MTL_FAST_MATH = YES;
				ONLY_ACTIVE_ARCH = YES;
				SDKROOT = iphoneos;
				SWIFT_ACTIVE_COMPILATION_CONDITIONS = DEBUG;
				SWIFT_OPTIMIZATION_LEVEL = "-Onone";
			};
			name = Debug;
		};
		3FD15CD5298437F100A63B4C /* Release */ = {
			isa = XCBuildConfiguration;
			buildSettings = {
				ALWAYS_SEARCH_USER_PATHS = NO;
				CLANG_ANALYZER_NONNULL = YES;
				CLANG_ANALYZER_NUMBER_OBJECT_CONVERSION = YES_AGGRESSIVE;
				CLANG_CXX_LANGUAGE_STANDARD = "gnu++20";
				CLANG_ENABLE_MODULES = YES;
				CLANG_ENABLE_OBJC_ARC = YES;
				CLANG_ENABLE_OBJC_WEAK = YES;
				CLANG_WARN_BLOCK_CAPTURE_AUTORELEASING = YES;
				CLANG_WARN_BOOL_CONVERSION = YES;
				CLANG_WARN_COMMA = YES;
				CLANG_WARN_CONSTANT_CONVERSION = YES;
				CLANG_WARN_DEPRECATED_OBJC_IMPLEMENTATIONS = YES;
				CLANG_WARN_DIRECT_OBJC_ISA_USAGE = YES_ERROR;
				CLANG_WARN_DOCUMENTATION_COMMENTS = YES;
				CLANG_WARN_EMPTY_BODY = YES;
				CLANG_WARN_ENUM_CONVERSION = YES;
				CLANG_WARN_INFINITE_RECURSION = YES;
				CLANG_WARN_INT_CONVERSION = YES;
				CLANG_WARN_NON_LITERAL_NULL_CONVERSION = YES;
				CLANG_WARN_OBJC_IMPLICIT_RETAIN_SELF = YES;
				CLANG_WARN_OBJC_LITERAL_CONVERSION = YES;
				CLANG_WARN_OBJC_ROOT_CLASS = YES_ERROR;
				CLANG_WARN_QUOTED_INCLUDE_IN_FRAMEWORK_HEADER = YES;
				CLANG_WARN_RANGE_LOOP_ANALYSIS = YES;
				CLANG_WARN_STRICT_PROTOTYPES = YES;
				CLANG_WARN_SUSPICIOUS_MOVE = YES;
				CLANG_WARN_UNGUARDED_AVAILABILITY = YES_AGGRESSIVE;
				CLANG_WARN_UNREACHABLE_CODE = YES;
				CLANG_WARN__DUPLICATE_METHOD_MATCH = YES;
				COPY_PHASE_STRIP = NO;
				DEBUG_INFORMATION_FORMAT = "dwarf-with-dsym";
				ENABLE_NS_ASSERTIONS = NO;
				ENABLE_STRICT_OBJC_MSGSEND = YES;
				GCC_C_LANGUAGE_STANDARD = gnu11;
				GCC_NO_COMMON_BLOCKS = YES;
				GCC_WARN_64_TO_32_BIT_CONVERSION = YES;
				GCC_WARN_ABOUT_RETURN_TYPE = YES_ERROR;
				GCC_WARN_UNDECLARED_SELECTOR = YES;
				GCC_WARN_UNINITIALIZED_AUTOS = YES_AGGRESSIVE;
				GCC_WARN_UNUSED_FUNCTION = YES;
				GCC_WARN_UNUSED_VARIABLE = YES;
				IPHONEOS_DEPLOYMENT_TARGET = 16.2;
				MTL_ENABLE_DEBUG_INFO = NO;
				MTL_FAST_MATH = YES;
				SDKROOT = iphoneos;
				SWIFT_COMPILATION_MODE = wholemodule;
				SWIFT_OPTIMIZATION_LEVEL = "-O";
				VALIDATE_PRODUCT = YES;
			};
			name = Release;
		};
		3FD15CD7298437F100A63B4C /* Debug */ = {
			isa = XCBuildConfiguration;
			baseConfigurationReference = CC3DFE8D1126326E3FBB4D52 /* Pods-TVMazeAPI.debug.xcconfig */;
			buildSettings = {
				ASSETCATALOG_COMPILER_APPICON_NAME = AppIcon;
				ASSETCATALOG_COMPILER_GLOBAL_ACCENT_COLOR_NAME = AccentColor;
				CODE_SIGN_STYLE = Automatic;
				CURRENT_PROJECT_VERSION = 1;
				GENERATE_INFOPLIST_FILE = YES;
				INFOPLIST_FILE = TVMazeAPI/Info.plist;
				INFOPLIST_KEY_UIApplicationSupportsIndirectInputEvents = YES;
				INFOPLIST_KEY_UILaunchStoryboardName = LaunchScreen;
				INFOPLIST_KEY_UISupportedInterfaceOrientations = UIInterfaceOrientationPortrait;
				INFOPLIST_KEY_UISupportedInterfaceOrientations_iPad = "UIInterfaceOrientationLandscapeLeft UIInterfaceOrientationLandscapeRight UIInterfaceOrientationPortrait UIInterfaceOrientationPortraitUpsideDown";
				LD_RUNPATH_SEARCH_PATHS = (
					"$(inherited)",
					"@executable_path/Frameworks",
				);
				MARKETING_VERSION = 1.0;
				PRODUCT_BUNDLE_IDENTIFIER = pedro.alvarez.TVMazeAPI;
				PRODUCT_NAME = "$(TARGET_NAME)";
				SUPPORTED_PLATFORMS = "iphoneos iphonesimulator";
				SUPPORTS_MACCATALYST = NO;
				SUPPORTS_MAC_DESIGNED_FOR_IPHONE_IPAD = NO;
				SWIFT_EMIT_LOC_STRINGS = YES;
				SWIFT_VERSION = 5.0;
				TARGETED_DEVICE_FAMILY = 1;
			};
			name = Debug;
		};
		3FD15CD8298437F100A63B4C /* Release */ = {
			isa = XCBuildConfiguration;
			baseConfigurationReference = D6AFE47AA904C4CAF0E27741 /* Pods-TVMazeAPI.release.xcconfig */;
			buildSettings = {
				ASSETCATALOG_COMPILER_APPICON_NAME = AppIcon;
				ASSETCATALOG_COMPILER_GLOBAL_ACCENT_COLOR_NAME = AccentColor;
				CODE_SIGN_STYLE = Automatic;
				CURRENT_PROJECT_VERSION = 1;
				GENERATE_INFOPLIST_FILE = YES;
				INFOPLIST_FILE = TVMazeAPI/Info.plist;
				INFOPLIST_KEY_UIApplicationSupportsIndirectInputEvents = YES;
				INFOPLIST_KEY_UILaunchStoryboardName = LaunchScreen;
				INFOPLIST_KEY_UISupportedInterfaceOrientations = UIInterfaceOrientationPortrait;
				INFOPLIST_KEY_UISupportedInterfaceOrientations_iPad = "UIInterfaceOrientationLandscapeLeft UIInterfaceOrientationLandscapeRight UIInterfaceOrientationPortrait UIInterfaceOrientationPortraitUpsideDown";
				LD_RUNPATH_SEARCH_PATHS = (
					"$(inherited)",
					"@executable_path/Frameworks",
				);
				MARKETING_VERSION = 1.0;
				PRODUCT_BUNDLE_IDENTIFIER = pedro.alvarez.TVMazeAPI;
				PRODUCT_NAME = "$(TARGET_NAME)";
				SUPPORTED_PLATFORMS = "iphoneos iphonesimulator";
				SUPPORTS_MACCATALYST = NO;
				SUPPORTS_MAC_DESIGNED_FOR_IPHONE_IPAD = NO;
				SWIFT_EMIT_LOC_STRINGS = YES;
				SWIFT_VERSION = 5.0;
				TARGETED_DEVICE_FAMILY = 1;
			};
			name = Release;
		};
		3FD15CDA298437F100A63B4C /* Debug */ = {
			isa = XCBuildConfiguration;
			baseConfigurationReference = 5729B304C31EBD880E78EB88 /* Pods-TVMazeAPITests.debug.xcconfig */;
			buildSettings = {
				ALWAYS_EMBED_SWIFT_STANDARD_LIBRARIES = YES;
				BUNDLE_LOADER = "$(TEST_HOST)";
				CODE_SIGN_STYLE = Automatic;
				CURRENT_PROJECT_VERSION = 1;
				GENERATE_INFOPLIST_FILE = YES;
				IPHONEOS_DEPLOYMENT_TARGET = 16.2;
				MARKETING_VERSION = 1.0;
				PRODUCT_BUNDLE_IDENTIFIER = pedro.alvarez.TVMazeAPITests;
				PRODUCT_NAME = "$(TARGET_NAME)";
				SWIFT_EMIT_LOC_STRINGS = NO;
				SWIFT_VERSION = 5.0;
				TARGETED_DEVICE_FAMILY = "1,2";
				TEST_HOST = "$(BUILT_PRODUCTS_DIR)/TVMazeAPI.app/$(BUNDLE_EXECUTABLE_FOLDER_PATH)/TVMazeAPI";
			};
			name = Debug;
		};
		3FD15CDB298437F100A63B4C /* Release */ = {
			isa = XCBuildConfiguration;
			baseConfigurationReference = F2D11F45B3850FB7A431D546 /* Pods-TVMazeAPITests.release.xcconfig */;
			buildSettings = {
				ALWAYS_EMBED_SWIFT_STANDARD_LIBRARIES = YES;
				BUNDLE_LOADER = "$(TEST_HOST)";
				CODE_SIGN_STYLE = Automatic;
				CURRENT_PROJECT_VERSION = 1;
				GENERATE_INFOPLIST_FILE = YES;
				IPHONEOS_DEPLOYMENT_TARGET = 16.2;
				MARKETING_VERSION = 1.0;
				PRODUCT_BUNDLE_IDENTIFIER = pedro.alvarez.TVMazeAPITests;
				PRODUCT_NAME = "$(TARGET_NAME)";
				SWIFT_EMIT_LOC_STRINGS = NO;
				SWIFT_VERSION = 5.0;
				TARGETED_DEVICE_FAMILY = "1,2";
				TEST_HOST = "$(BUILT_PRODUCTS_DIR)/TVMazeAPI.app/$(BUNDLE_EXECUTABLE_FOLDER_PATH)/TVMazeAPI";
			};
			name = Release;
		};
		3FD15CDD298437F100A63B4C /* Debug */ = {
			isa = XCBuildConfiguration;
			baseConfigurationReference = EDECA755B9D11B37026BB0D8 /* Pods-TVMazeAPI-TVMazeAPIUITests.debug.xcconfig */;
			buildSettings = {
				ALWAYS_EMBED_SWIFT_STANDARD_LIBRARIES = YES;
				CODE_SIGN_STYLE = Automatic;
				CURRENT_PROJECT_VERSION = 1;
				GENERATE_INFOPLIST_FILE = YES;
				MARKETING_VERSION = 1.0;
				PRODUCT_BUNDLE_IDENTIFIER = pedro.alvarez.TVMazeAPIUITests;
				PRODUCT_NAME = "$(TARGET_NAME)";
				SWIFT_EMIT_LOC_STRINGS = NO;
				SWIFT_VERSION = 5.0;
				TARGETED_DEVICE_FAMILY = "1,2";
				TEST_TARGET_NAME = TVMazeAPI;
			};
			name = Debug;
		};
		3FD15CDE298437F100A63B4C /* Release */ = {
			isa = XCBuildConfiguration;
			baseConfigurationReference = 72BE9D27C46AA71D86CFE9C2 /* Pods-TVMazeAPI-TVMazeAPIUITests.release.xcconfig */;
			buildSettings = {
				ALWAYS_EMBED_SWIFT_STANDARD_LIBRARIES = YES;
				CODE_SIGN_STYLE = Automatic;
				CURRENT_PROJECT_VERSION = 1;
				GENERATE_INFOPLIST_FILE = YES;
				MARKETING_VERSION = 1.0;
				PRODUCT_BUNDLE_IDENTIFIER = pedro.alvarez.TVMazeAPIUITests;
				PRODUCT_NAME = "$(TARGET_NAME)";
				SWIFT_EMIT_LOC_STRINGS = NO;
				SWIFT_VERSION = 5.0;
				TARGETED_DEVICE_FAMILY = "1,2";
				TEST_TARGET_NAME = TVMazeAPI;
			};
			name = Release;
		};
/* End XCBuildConfiguration section */

/* Begin XCConfigurationList section */
		3FD15CA7298437EF00A63B4C /* Build configuration list for PBXProject "TVMazeAPI" */ = {
			isa = XCConfigurationList;
			buildConfigurations = (
				3FD15CD4298437F100A63B4C /* Debug */,
				3FD15CD5298437F100A63B4C /* Release */,
			);
			defaultConfigurationIsVisible = 0;
			defaultConfigurationName = Release;
		};
		3FD15CD6298437F100A63B4C /* Build configuration list for PBXNativeTarget "TVMazeAPI" */ = {
			isa = XCConfigurationList;
			buildConfigurations = (
				3FD15CD7298437F100A63B4C /* Debug */,
				3FD15CD8298437F100A63B4C /* Release */,
			);
			defaultConfigurationIsVisible = 0;
			defaultConfigurationName = Release;
		};
		3FD15CD9298437F100A63B4C /* Build configuration list for PBXNativeTarget "TVMazeAPITests" */ = {
			isa = XCConfigurationList;
			buildConfigurations = (
				3FD15CDA298437F100A63B4C /* Debug */,
				3FD15CDB298437F100A63B4C /* Release */,
			);
			defaultConfigurationIsVisible = 0;
			defaultConfigurationName = Release;
		};
		3FD15CDC298437F100A63B4C /* Build configuration list for PBXNativeTarget "TVMazeAPIUITests" */ = {
			isa = XCConfigurationList;
			buildConfigurations = (
				3FD15CDD298437F100A63B4C /* Debug */,
				3FD15CDE298437F100A63B4C /* Release */,
			);
			defaultConfigurationIsVisible = 0;
			defaultConfigurationName = Release;
		};
/* End XCConfigurationList section */
	};
	rootObject = 3FD15CA4298437EF00A63B4C /* Project object */;
}
